// !$*UTF8*$!
{
	archiveVersion = 1;
	classes = {
	};
	objectVersion = 46;
	objects = {

/* Begin PBXBuildFile section */
		9A38B5B81CCC0E0900AF9F53 /* Elementos.swift in Sources */ = {isa = PBXBuildFile; fileRef = 9A38B5B71CCC0E0900AF9F53 /* Elementos.swift */; };
		9A47A1F01CC2C42300301C00 /* nomAlcanos.swift in Sources */ = {isa = PBXBuildFile; fileRef = 9A47A1EF1CC2C42300301C00 /* nomAlcanos.swift */; };
		9A47A1F21CC2E48100301C00 /* Ramificaciones.swift in Sources */ = {isa = PBXBuildFile; fileRef = 9A47A1F11CC2E48100301C00 /* Ramificaciones.swift */; };
		9A4AD30F1CD886A80044CB2A /* Main iPad.storyboard in Resources */ = {isa = PBXBuildFile; fileRef = 9A4AD30D1CD886A80044CB2A /* Main iPad.storyboard */; };
		9A7069291CAEC69C0090AAC6 /* GruposFuncionalesTableViewController.swift in Sources */ = {isa = PBXBuildFile; fileRef = 9A7069281CAEC69C0090AAC6 /* GruposFuncionalesTableViewController.swift */; };
		9A70692B1CAEC6D40090AAC6 /* InformacionViewController.swift in Sources */ = {isa = PBXBuildFile; fileRef = 9A70692A1CAEC6D40090AAC6 /* InformacionViewController.swift */; };
		9A70692D1CAEC6E00090AAC6 /* DibujarViewController.swift in Sources */ = {isa = PBXBuildFile; fileRef = 9A70692C1CAEC6E00090AAC6 /* DibujarViewController.swift */; };
		9A70692F1CAEC8160090AAC6 /* Property List.plist in Resources */ = {isa = PBXBuildFile; fileRef = 9A70692E1CAEC8160090AAC6 /* Property List.plist */; };
		9A7623301CAC3334002FD62F /* AppDelegate.swift in Sources */ = {isa = PBXBuildFile; fileRef = 9A76232F1CAC3334002FD62F /* AppDelegate.swift */; };
		9A7623321CAC3334002FD62F /* ViewController.swift in Sources */ = {isa = PBXBuildFile; fileRef = 9A7623311CAC3334002FD62F /* ViewController.swift */; };
		9A7623371CAC3334002FD62F /* Assets.xcassets in Resources */ = {isa = PBXBuildFile; fileRef = 9A7623361CAC3334002FD62F /* Assets.xcassets */; };
		9A76233A1CAC3334002FD62F /* LaunchScreen.storyboard in Resources */ = {isa = PBXBuildFile; fileRef = 9A7623381CAC3334002FD62F /* LaunchScreen.storyboard */; };
		9AEABCE91CB2EAA2009AB858 /* Prueba.plist in Resources */ = {isa = PBXBuildFile; fileRef = 9AEABCE81CB2EAA2009AB858 /* Prueba.plist */; };
		9AF4F2D21CDA5C87006237D4 /* Creditos.swift in Sources */ = {isa = PBXBuildFile; fileRef = 9AF4F2D11CDA5C87006237D4 /* Creditos.swift */; };
		9AFD8A7D1CB0541300FA4814 /* Main.storyboard in Resources */ = {isa = PBXBuildFile; fileRef = 9AFD8A7B1CB0541300FA4814 /* Main.storyboard */; };
		9AFDE27D1CD95EC0000BA31E /* Main iPadPro.storyboard in Resources */ = {isa = PBXBuildFile; fileRef = 9AFDE27B1CD95EC0000BA31E /* Main iPadPro.storyboard */; };
/* End PBXBuildFile section */

/* Begin PBXFileReference section */
		9A38B5B71CCC0E0900AF9F53 /* Elementos.swift */ = {isa = PBXFileReference; fileEncoding = 4; lastKnownFileType = sourcecode.swift; path = Elementos.swift; sourceTree = "<group>"; };
		9A47A1EF1CC2C42300301C00 /* nomAlcanos.swift */ = {isa = PBXFileReference; fileEncoding = 4; lastKnownFileType = sourcecode.swift; path = nomAlcanos.swift; sourceTree = "<group>"; };
		9A47A1F11CC2E48100301C00 /* Ramificaciones.swift */ = {isa = PBXFileReference; fileEncoding = 4; lastKnownFileType = sourcecode.swift; path = Ramificaciones.swift; sourceTree = "<group>"; };
		9A4AD30E1CD886A80044CB2A /* Base */ = {isa = PBXFileReference; lastKnownFileType = file.storyboard; name = Base; path = "Base.lproj/Main iPad.storyboard"; sourceTree = "<group>"; };
		9A7069281CAEC69C0090AAC6 /* GruposFuncionalesTableViewController.swift */ = {isa = PBXFileReference; fileEncoding = 4; lastKnownFileType = sourcecode.swift; path = GruposFuncionalesTableViewController.swift; sourceTree = "<group>"; };
		9A70692A1CAEC6D40090AAC6 /* InformacionViewController.swift */ = {isa = PBXFileReference; fileEncoding = 4; lastKnownFileType = sourcecode.swift; path = InformacionViewController.swift; sourceTree = "<group>"; };
		9A70692C1CAEC6E00090AAC6 /* DibujarViewController.swift */ = {isa = PBXFileReference; fileEncoding = 4; lastKnownFileType = sourcecode.swift; path = DibujarViewController.swift; sourceTree = "<group>"; };
		9A70692E1CAEC8160090AAC6 /* Property List.plist */ = {isa = PBXFileReference; fileEncoding = 4; lastKnownFileType = text.plist.xml; path = "Property List.plist"; sourceTree = "<group>"; };
		9A76232C1CAC3334002FD62F /* QuimiNet.app */ = {isa = PBXFileReference; explicitFileType = wrapper.application; includeInIndex = 0; path = QuimiNet.app; sourceTree = BUILT_PRODUCTS_DIR; };
		9A76232F1CAC3334002FD62F /* AppDelegate.swift */ = {isa = PBXFileReference; lastKnownFileType = sourcecode.swift; path = AppDelegate.swift; sourceTree = "<group>"; };
		9A7623311CAC3334002FD62F /* ViewController.swift */ = {isa = PBXFileReference; lastKnownFileType = sourcecode.swift; path = ViewController.swift; sourceTree = "<group>"; };
		9A7623361CAC3334002FD62F /* Assets.xcassets */ = {isa = PBXFileReference; lastKnownFileType = folder.assetcatalog; path = Assets.xcassets; sourceTree = "<group>"; };
		9A7623391CAC3334002FD62F /* Base */ = {isa = PBXFileReference; lastKnownFileType = file.storyboard; name = Base; path = Base.lproj/LaunchScreen.storyboard; sourceTree = "<group>"; };
		9A76233B1CAC3334002FD62F /* Info.plist */ = {isa = PBXFileReference; lastKnownFileType = text.plist.xml; path = Info.plist; sourceTree = "<group>"; };
		9AEABCE81CB2EAA2009AB858 /* Prueba.plist */ = {isa = PBXFileReference; fileEncoding = 4; lastKnownFileType = text.plist.xml; path = Prueba.plist; sourceTree = "<group>"; };
		9AF4F2D11CDA5C87006237D4 /* Creditos.swift */ = {isa = PBXFileReference; fileEncoding = 4; lastKnownFileType = sourcecode.swift; path = Creditos.swift; sourceTree = "<group>"; };
		9AFD8A7C1CB0541300FA4814 /* Base */ = {isa = PBXFileReference; lastKnownFileType = file.storyboard; name = Base; path = Base.lproj/Main.storyboard; sourceTree = "<group>"; };
		9AFDE27C1CD95EC0000BA31E /* Base */ = {isa = PBXFileReference; lastKnownFileType = file.storyboard; name = Base; path = "Base.lproj/Main iPadPro.storyboard"; sourceTree = "<group>"; };
/* End PBXFileReference section */

/* Begin PBXFrameworksBuildPhase section */
		9A7623291CAC3334002FD62F /* Frameworks */ = {
			isa = PBXFrameworksBuildPhase;
			buildActionMask = 2147483647;
			files = (
			);
			runOnlyForDeploymentPostprocessing = 0;
		};
/* End PBXFrameworksBuildPhase section */

/* Begin PBXGroup section */
		9A7623231CAC3334002FD62F = {
			isa = PBXGroup;
			children = (
				9A70692E1CAEC8160090AAC6 /* Property List.plist */,
				9A76232E1CAC3334002FD62F /* QuimiNet */,
				9A76232D1CAC3334002FD62F /* Products */,
			);
			sourceTree = "<group>";
		};
		9A76232D1CAC3334002FD62F /* Products */ = {
			isa = PBXGroup;
			children = (
				9A76232C1CAC3334002FD62F /* QuimiNet.app */,
			);
			name = Products;
			sourceTree = "<group>";
		};
		9A76232E1CAC3334002FD62F /* QuimiNet */ = {
			isa = PBXGroup;
			children = (
				9AF4F2D11CDA5C87006237D4 /* Creditos.swift */,
				9AFDE27B1CD95EC0000BA31E /* Main iPadPro.storyboard */,
				9A4AD30D1CD886A80044CB2A /* Main iPad.storyboard */,
				9A76232F1CAC3334002FD62F /* AppDelegate.swift */,
				9A7623311CAC3334002FD62F /* ViewController.swift */,
				9A7069281CAEC69C0090AAC6 /* GruposFuncionalesTableViewController.swift */,
				9AFD8A7B1CB0541300FA4814 /* Main.storyboard */,
				9A47A1F11CC2E48100301C00 /* Ramificaciones.swift */,
				9A70692A1CAEC6D40090AAC6 /* InformacionViewController.swift */,
				9A70692C1CAEC6E00090AAC6 /* DibujarViewController.swift */,
				9A38B5B71CCC0E0900AF9F53 /* Elementos.swift */,
				9A47A1EF1CC2C42300301C00 /* nomAlcanos.swift */,
				9AEABCE81CB2EAA2009AB858 /* Prueba.plist */,
				9A7623361CAC3334002FD62F /* Assets.xcassets */,
				9A7623381CAC3334002FD62F /* LaunchScreen.storyboard */,
				9A76233B1CAC3334002FD62F /* Info.plist */,
			);
			path = QuimiNet;
			sourceTree = "<group>";
		};
/* End PBXGroup section */

/* Begin PBXNativeTarget section */
		9A76232B1CAC3334002FD62F /* QuimiNet */ = {
			isa = PBXNativeTarget;
			buildConfigurationList = 9A76233E1CAC3334002FD62F /* Build configuration list for PBXNativeTarget "QuimiNet" */;
			buildPhases = (
				9A7623281CAC3334002FD62F /* Sources */,
				9A7623291CAC3334002FD62F /* Frameworks */,
				9A76232A1CAC3334002FD62F /* Resources */,
			);
			buildRules = (
			);
			dependencies = (
			);
			name = QuimiNet;
			productName = QuimiNet;
			productReference = 9A76232C1CAC3334002FD62F /* QuimiNet.app */;
			productType = "com.apple.product-type.application";
		};
/* End PBXNativeTarget section */

/* Begin PBXProject section */
		9A7623241CAC3334002FD62F /* Project object */ = {
			isa = PBXProject;
			attributes = {
				LastSwiftUpdateCheck = 0730;
				LastUpgradeCheck = 0730;
				ORGANIZATIONNAME = "Lizzy Cruz";
				TargetAttributes = {
					9A76232B1CAC3334002FD62F = {
						CreatedOnToolsVersion = 7.3;
						DevelopmentTeam = 7644UGW982;
					};
				};
			};
			buildConfigurationList = 9A7623271CAC3334002FD62F /* Build configuration list for PBXProject "QuimiNet" */;
			compatibilityVersion = "Xcode 3.2";
			developmentRegion = English;
			hasScannedForEncodings = 0;
			knownRegions = (
				en,
				Base,
			);
			mainGroup = 9A7623231CAC3334002FD62F;
			productRefGroup = 9A76232D1CAC3334002FD62F /* Products */;
			projectDirPath = "";
			projectRoot = "";
			targets = (
				9A76232B1CAC3334002FD62F /* QuimiNet */,
			);
		};
/* End PBXProject section */

/* Begin PBXResourcesBuildPhase section */
		9A76232A1CAC3334002FD62F /* Resources */ = {
			isa = PBXResourcesBuildPhase;
			buildActionMask = 2147483647;
			files = (
				9A4AD30F1CD886A80044CB2A /* Main iPad.storyboard in Resources */,
				9A76233A1CAC3334002FD62F /* LaunchScreen.storyboard in Resources */,
				9AEABCE91CB2EAA2009AB858 /* Prueba.plist in Resources */,
				9A7623371CAC3334002FD62F /* Assets.xcassets in Resources */,
				9A70692F1CAEC8160090AAC6 /* Property List.plist in Resources */,
				9AFD8A7D1CB0541300FA4814 /* Main.storyboard in Resources */,
				9AFDE27D1CD95EC0000BA31E /* Main iPadPro.storyboard in Resources */,
			);
			runOnlyForDeploymentPostprocessing = 0;
		};
/* End PBXResourcesBuildPhase section */

/* Begin PBXSourcesBuildPhase section */
		9A7623281CAC3334002FD62F /* Sources */ = {
			isa = PBXSourcesBuildPhase;
			buildActionMask = 2147483647;
			files = (
				9A47A1F21CC2E48100301C00 /* Ramificaciones.swift in Sources */,
				9A7623321CAC3334002FD62F /* ViewController.swift in Sources */,
				9AF4F2D21CDA5C87006237D4 /* Creditos.swift in Sources */,
				9A7069291CAEC69C0090AAC6 /* GruposFuncionalesTableViewController.swift in Sources */,
				9A70692D1CAEC6E00090AAC6 /* DibujarViewController.swift in Sources */,
				9A70692B1CAEC6D40090AAC6 /* InformacionViewController.swift in Sources */,
				9A47A1F01CC2C42300301C00 /* nomAlcanos.swift in Sources */,
				9A38B5B81CCC0E0900AF9F53 /* Elementos.swift in Sources */,
				9A7623301CAC3334002FD62F /* AppDelegate.swift in Sources */,
			);
			runOnlyForDeploymentPostprocessing = 0;
		};
/* End PBXSourcesBuildPhase section */

/* Begin PBXVariantGroup section */
		9A4AD30D1CD886A80044CB2A /* Main iPad.storyboard */ = {
			isa = PBXVariantGroup;
			children = (
				9A4AD30E1CD886A80044CB2A /* Base */,
			);
			name = "Main iPad.storyboard";
			sourceTree = "<group>";
		};
		9A7623381CAC3334002FD62F /* LaunchScreen.storyboard */ = {
			isa = PBXVariantGroup;
			children = (
				9A7623391CAC3334002FD62F /* Base */,
			);
			name = LaunchScreen.storyboard;
			sourceTree = "<group>";
		};
		9AFD8A7B1CB0541300FA4814 /* Main.storyboard */ = {
			isa = PBXVariantGroup;
			children = (
				9AFD8A7C1CB0541300FA4814 /* Base */,
			);
			name = Main.storyboard;
			sourceTree = "<group>";
		};
		9AFDE27B1CD95EC0000BA31E /* Main iPadPro.storyboard */ = {
			isa = PBXVariantGroup;
			children = (
				9AFDE27C1CD95EC0000BA31E /* Base */,
			);
			name = "Main iPadPro.storyboard";
			sourceTree = "<group>";
		};
/* End PBXVariantGroup section */

/* Begin XCBuildConfiguration section */
		9A76233C1CAC3334002FD62F /* Debug */ = {
			isa = XCBuildConfiguration;
			buildSettings = {
				ALWAYS_SEARCH_USER_PATHS = NO;
				CLANG_ANALYZER_NONNULL = YES;
				CLANG_CXX_LANGUAGE_STANDARD = "gnu++0x";
				CLANG_CXX_LIBRARY = "libc++";
				CLANG_ENABLE_MODULES = YES;
				CLANG_ENABLE_OBJC_ARC = YES;
				CLANG_WARN_BOOL_CONVERSION = YES;
				CLANG_WARN_CONSTANT_CONVERSION = YES;
				CLANG_WARN_DIRECT_OBJC_ISA_USAGE = YES_ERROR;
				CLANG_WARN_EMPTY_BODY = YES;
				CLANG_WARN_ENUM_CONVERSION = YES;
				CLANG_WARN_INT_CONVERSION = YES;
				CLANG_WARN_OBJC_ROOT_CLASS = YES_ERROR;
				CLANG_WARN_UNREACHABLE_CODE = YES;
				CLANG_WARN__DUPLICATE_METHOD_MATCH = YES;
				"CODE_SIGN_IDENTITY[sdk=iphoneos*]" = "iPhone Developer";
				COPY_PHASE_STRIP = NO;
				DEBUG_INFORMATION_FORMAT = dwarf;
				ENABLE_STRICT_OBJC_MSGSEND = YES;
				ENABLE_TESTABILITY = YES;
				GCC_C_LANGUAGE_STANDARD = gnu99;
				GCC_DYNAMIC_NO_PIC = NO;
				GCC_NO_COMMON_BLOCKS = YES;
				GCC_OPTIMIZATION_LEVEL = 0;
				GCC_PREPROCESSOR_DEFINITIONS = (
					"DEBUG=1",
					"$(inherited)",
				);
				GCC_WARN_64_TO_32_BIT_CONVERSION = YES;
				GCC_WARN_ABOUT_RETURN_TYPE = YES_ERROR;
				GCC_WARN_UNDECLARED_SELECTOR = YES;
				GCC_WARN_UNINITIALIZED_AUTOS = YES_AGGRESSIVE;
				GCC_WARN_UNUSED_FUNCTION = YES;
				GCC_WARN_UNUSED_VARIABLE = YES;
				IPHONEOS_DEPLOYMENT_TARGET = 9.3;
				MTL_ENABLE_DEBUG_INFO = YES;
				ONLY_ACTIVE_ARCH = YES;
				SDKROOT = iphoneos;
				SWIFT_OPTIMIZATION_LEVEL = "-Onone";
			};
			name = Debug;
		};
		9A76233D1CAC3334002FD62F /* Release */ = {
			isa = XCBuildConfiguration;
			buildSettings = {
				ALWAYS_SEARCH_USER_PATHS = NO;
				CLANG_ANALYZER_NONNULL = YES;
				CLANG_CXX_LANGUAGE_STANDARD = "gnu++0x";
				CLANG_CXX_LIBRARY = "libc++";
				CLANG_ENABLE_MODULES = YES;
				CLANG_ENABLE_OBJC_ARC = YES;
				CLANG_WARN_BOOL_CONVERSION = YES;
				CLANG_WARN_CONSTANT_CONVERSION = YES;
				CLANG_WARN_DIRECT_OBJC_ISA_USAGE = YES_ERROR;
				CLANG_WARN_EMPTY_BODY = YES;
				CLANG_WARN_ENUM_CONVERSION = YES;
				CLANG_WARN_INT_CONVERSION = YES;
				CLANG_WARN_OBJC_ROOT_CLASS = YES_ERROR;
				CLANG_WARN_UNREACHABLE_CODE = YES;
				CLANG_WARN__DUPLICATE_METHOD_MATCH = YES;
				"CODE_SIGN_IDENTITY[sdk=iphoneos*]" = "iPhone Developer";
				COPY_PHASE_STRIP = NO;
				DEBUG_INFORMATION_FORMAT = "dwarf-with-dsym";
				ENABLE_NS_ASSERTIONS = NO;
				ENABLE_STRICT_OBJC_MSGSEND = YES;
				GCC_C_LANGUAGE_STANDARD = gnu99;
				GCC_NO_COMMON_BLOCKS = YES;
				GCC_WARN_64_TO_32_BIT_CONVERSION = YES;
				GCC_WARN_ABOUT_RETURN_TYPE = YES_ERROR;
				GCC_WARN_UNDECLARED_SELECTOR = YES;
				GCC_WARN_UNINITIALIZED_AUTOS = YES_AGGRESSIVE;
				GCC_WARN_UNUSED_FUNCTION = YES;
				GCC_WARN_UNUSED_VARIABLE = YES;
				IPHONEOS_DEPLOYMENT_TARGET = 9.3;
				MTL_ENABLE_DEBUG_INFO = NO;
				SDKROOT = iphoneos;
				VALIDATE_PRODUCT = YES;
			};
			name = Release;
		};
		9A76233F1CAC3334002FD62F /* Debug */ = {
			isa = XCBuildConfiguration;
			buildSettings = {
				ASSETCATALOG_COMPILER_APPICON_NAME = AppIcon;
				ASSETCATALOG_COMPILER_LAUNCHIMAGE_NAME = "Brand Assets";
				CODE_SIGN_IDENTITY = "iPhone Developer";
				"CODE_SIGN_IDENTITY[sdk=iphoneos*]" = "iPhone Developer";
				INFOPLIST_FILE = QuimiNet/Info.plist;
				IPHONEOS_DEPLOYMENT_TARGET = 9.0;
				LD_RUNPATH_SEARCH_PATHS = "$(inherited) @executable_path/Frameworks";
				PRODUCT_BUNDLE_IDENTIFIER = edu.itesmalumnos.QuimiNet;
				PRODUCT_NAME = "$(TARGET_NAME)";
				PROVISIONING_PROFILE = "";
				TARGETED_DEVICE_FAMILY = "1,2";
			};
			name = Debug;
		};
		9A7623401CAC3334002FD62F /* Release */ = {
			isa = XCBuildConfiguration;
			buildSettings = {
				ASSETCATALOG_COMPILER_APPICON_NAME = AppIcon;
				ASSETCATALOG_COMPILER_LAUNCHIMAGE_NAME = "Brand Assets";
				CODE_SIGN_IDENTITY = "iPhone Developer";
				"CODE_SIGN_IDENTITY[sdk=iphoneos*]" = "iPhone Developer";
				INFOPLIST_FILE = QuimiNet/Info.plist;
				IPHONEOS_DEPLOYMENT_TARGET = 9.0;
				LD_RUNPATH_SEARCH_PATHS = "$(inherited) @executable_path/Frameworks";
				PRODUCT_BUNDLE_IDENTIFIER = edu.itesmalumnos.QuimiNet;
				PRODUCT_NAME = "$(TARGET_NAME)";
				PROVISIONING_PROFILE = "";
				TARGETED_DEVICE_FAMILY = "1,2";
			};
			name = Release;
		};
/* End XCBuildConfiguration section */

/* Begin XCConfigurationList section */
		9A7623271CAC3334002FD62F /* Build configuration list for PBXProject "QuimiNet" */ = {
			isa = XCConfigurationList;
			buildConfigurations = (
				9A76233C1CAC3334002FD62F /* Debug */,
				9A76233D1CAC3334002FD62F /* Release */,
			);
			defaultConfigurationIsVisible = 0;
			defaultConfigurationName = Release;
		};
		9A76233E1CAC3334002FD62F /* Build configuration list for PBXNativeTarget "QuimiNet" */ = {
			isa = XCConfigurationList;
			buildConfigurations = (
				9A76233F1CAC3334002FD62F /* Debug */,
				9A7623401CAC3334002FD62F /* Release */,
			);
			defaultConfigurationIsVisible = 0;
			defaultConfigurationName = Release;
		};
/* End XCConfigurationList section */
	};
	rootObject = 9A7623241CAC3334002FD62F /* Project object */;
}
